
Microsoft Visual Studio Solution File, Format Version 12.00
# Visual Studio Version 17
VisualStudioVersion = 17.11.35327.3
MinimumVisualStudioVersion = 10.0.40219.1
Project("{FAE04EC0-301F-11D3-BF4B-00C04F79EFBC}") = "DbaseFrame", "DbaseFrame.csproj", "{A402F6C5-9724-4F8B-BC9A-0F9D0668FA51}"
EndProject
Global
	GlobalSection(SolutionConfigurationPlatforms) = preSolution
		Debug|Any CPU = Debug|Any CPU
		Release|Any CPU = Release|Any CPU
	EndGlobalSection
	GlobalSection(ProjectConfigurationPlatforms) = postSolution
		{A402F6C5-9724-4F8B-BC9A-0F9D0668FA51}.Debug|Any CPU.ActiveCfg = Debug|Any CPU
		{A402F6C5-9724-4F8B-BC9A-0F9D0668FA51}.Debug|Any CPU.Build.0 = Debug|Any CPU
		{A402F6C5-9724-4F8B-BC9A-0F9D0668FA51}.Release|Any CPU.ActiveCfg = Release|Any CPU
		{A402F6C5-9724-4F8B-BC9A-0F9D0668FA51}.Release|Any CPU.Build.0 = Release|Any CPU
	EndGlobalSection
	GlobalSection(SolutionProperties) = preSolution
		HideSolutionNode = FALSE
	EndGlobalSection
	GlobalSection(ExtensibilityGlobals) = postSolution
		SolutionGuid = {9C9CC6A9-64E5-4DF7-A982-0953E291113C}
	EndGlobalSection
EndGlobal
